
Microsoft Visual Studio Solution File, Format Version 12.00
# Visual Studio 14
VisualStudioVersion = 14.0.25420.1
MinimumVisualStudioVersion = 10.0.40219.1
Project("{8BC9CEB8-8B4A-11D0-8D11-00A0C91BC942}") = "app", "code\app\app.vcxproj", "{71314041-390B-4ABF-B765-F18BCF0E85D4}"
EndProject
Project("{8BC9CEB8-8B4A-11D0-8D11-00A0C91BC942}") = "compiler", "code\compiler\compiler.vcxproj", "{0625EB54-41E0-4A37-845C-835BABB1A891}"
EndProject
Project("{8BC9CEB8-8B4A-11D0-8D11-00A0C91BC942}") = "picomodel", "code\picomodel\picomodel.vcxproj", "{6449BAE4-448D-4BB0-BCC5-7DF1B9300CEA}"
EndProject
Project("{8BC9CEB8-8B4A-11D0-8D11-00A0C91BC942}") = "lua", "ext\lua\lua.vcxproj", "{43082637-0D8F-4ECE-A649-D3354D714950}"
EndProject
Global
	GlobalSection(SolutionConfigurationPlatforms) = preSolution
		Debug|x64 = Debug|x64
		Release|x64 = Release|x64
	EndGlobalSection
	GlobalSection(ProjectConfigurationPlatforms) = postSolution
		{71314041-390B-4ABF-B765-F18BCF0E85D4}.Debug|x64.ActiveCfg = Debug|x64
		{71314041-390B-4ABF-B765-F18BCF0E85D4}.Debug|x64.Build.0 = Debug|x64
		{71314041-390B-4ABF-B765-F18BCF0E85D4}.Release|x64.ActiveCfg = Release|x64
		{71314041-390B-4ABF-B765-F18BCF0E85D4}.Release|x64.Build.0 = Release|x64
		{0625EB54-41E0-4A37-845C-835BABB1A891}.Debug|x64.ActiveCfg = Debug|x64
		{0625EB54-41E0-4A37-845C-835BABB1A891}.Debug|x64.Build.0 = Debug|x64
		{0625EB54-41E0-4A37-845C-835BABB1A891}.Release|x64.ActiveCfg = Release|x64
		{0625EB54-41E0-4A37-845C-835BABB1A891}.Release|x64.Build.0 = Release|x64
		{6449BAE4-448D-4BB0-BCC5-7DF1B9300CEA}.Debug|x64.ActiveCfg = Debug|x64
		{6449BAE4-448D-4BB0-BCC5-7DF1B9300CEA}.Debug|x64.Build.0 = Debug|x64
		{6449BAE4-448D-4BB0-BCC5-7DF1B9300CEA}.Release|x64.ActiveCfg = Release|x64
		{6449BAE4-448D-4BB0-BCC5-7DF1B9300CEA}.Release|x64.Build.0 = Release|x64
		{43082637-0D8F-4ECE-A649-D3354D714950}.Debug|x64.ActiveCfg = Debug|x64
		{43082637-0D8F-4ECE-A649-D3354D714950}.Debug|x64.Build.0 = Debug|x64
		{43082637-0D8F-4ECE-A649-D3354D714950}.Release|x64.ActiveCfg = Release|x64
		{43082637-0D8F-4ECE-A649-D3354D714950}.Release|x64.Build.0 = Release|x64
	EndGlobalSection
	GlobalSection(SolutionProperties) = preSolution
		HideSolutionNode = FALSE
	EndGlobalSection
EndGlobal
