<?xml version="1.0" encoding="utf-8"?>
<Project ToolsVersion="4.0" xmlns="http://schemas.microsoft.com/developer/msbuild/2003">
  <ItemGroup>
    <Filter Include="Source Files">
      <UniqueIdentifier>{4FC737F1-C7A5-4376-A066-2A32D752A2FF}</UniqueIdentifier>
      <Extensions>cpp;c;cc;cxx;def;odl;idl;hpj;bat;asm;asmx</Extensions>
    </Filter>
    <Filter Include="Header Files">
      <UniqueIdentifier>{93995380-89BD-4b04-88EB-625FBE52EBFB}</UniqueIdentifier>
      <Extensions>h;hh;hpp;hxx;hm;inl;inc;xsd</Extensions>
    </Filter>
    <Filter Include="Resource Files">
      <UniqueIdentifier>{67DA6AB6-F800-4c08-8B7A-83BB121AAD01}</UniqueIdentifier>
      <Extensions>rc;ico;cur;bmp;dlg;rc2;rct;bin;rgs;gif;jpg;jpeg;jpe;resx;tiff;tif;png;wav;mfcribbon-ms</Extensions>
    </Filter>
    <Filter Include="Source Files\libs">
      <UniqueIdentifier>{f986cc49-87c8-493f-bfaf-b6240241da15}</UniqueIdentifier>
    </Filter>
    <Filter Include="Source Files\libs\mathlib">
      <UniqueIdentifier>{0789f14d-03af-4af6-b656-f9bacf4432e5}</UniqueIdentifier>
    </Filter>
    <Filter Include="Source Files\libs\l_net">
      <UniqueIdentifier>{51076cc8-5a1c-4262-a299-31c3b19119cd}</UniqueIdentifier>
    </Filter>
    <Filter Include="Header Files\libs">
      <UniqueIdentifier>{029c2a32-67a4-4e26-97bf-108576ac2b2b}</UniqueIdentifier>
    </Filter>
    <Filter Include="Header Files\games">
      <UniqueIdentifier>{382f2e90-1d4f-4ba0-880f-de046814b638}</UniqueIdentifier>
    </Filter>
  </ItemGroup>
  <ItemGroup>
    <ClInclude Include="includes\inout.h">
      <Filter>Header Files</Filter>
    </ClInclude>
    <ClInclude Include="includes\polyset.h">
      <Filter>Header Files</Filter>
    </ClInclude>
    <ClInclude Include="includes\q3map2.h">
      <Filter>Header Files</Filter>
    </ClInclude>
    <ClInclude Include="includes\qfiles.h">
      <Filter>Header Files</Filter>
    </ClInclude>
    <ClInclude Include="includes\qthreads.h">
      <Filter>Header Files</Filter>
    </ClInclude>
    <ClInclude Include="includes\surfaceflags.h">
      <Filter>Header Files</Filter>
    </ClInclude>
    <ClInclude Include="includes\trilib.h">
      <Filter>Header Files</Filter>
    </ClInclude>
    <ClInclude Include="includes\vfs.h">
      <Filter>Header Files</Filter>
    </ClInclude>
    <ClInclude Include="..\common\bytebool.h">
      <Filter>Header Files</Filter>
    </ClInclude>
    <ClInclude Include="..\common\globaldefs.h">
      <Filter>Header Files</Filter>
    </ClInclude>
    <ClInclude Include="..\common\picomodel.h">
      <Filter>Header Files</Filter>
    </ClInclude>
    <ClInclude Include="includes\bspfile.h">
      <Filter>Header Files</Filter>
    </ClInclude>
    <ClInclude Include="includes\l_net.h">
      <Filter>Header Files\libs</Filter>
    </ClInclude>
    <ClInclude Include="includes\l_net_wins.h">
      <Filter>Header Files\libs</Filter>
    </ClInclude>
    <ClInclude Include="includes\game__null.h">
      <Filter>Header Files\games</Filter>
    </ClInclude>
    <ClInclude Include="includes\game_darkplaces.h">
      <Filter>Header Files\games</Filter>
    </ClInclude>
    <ClInclude Include="includes\game_dq.h">
      <Filter>Header Files\games</Filter>
    </ClInclude>
    <ClInclude Include="includes\game_ef.h">
      <Filter>Header Files\games</Filter>
    </ClInclude>
    <ClInclude Include="includes\game_etut.h">
      <Filter>Header Files\games</Filter>
    </ClInclude>
    <ClInclude Include="includes\game_ja.h">
      <Filter>Header Files\games</Filter>
    </ClInclude>
    <ClInclude Include="includes\game_jk2.h">
      <Filter>Header Files\games</Filter>
    </ClInclude>
    <ClInclude Include="includes\game_nexuiz.h">
      <Filter>Header Files\games</Filter>
    </ClInclude>
    <ClInclude Include="includes\game_prophecy.h">
      <Filter>Header Files\games</Filter>
    </ClInclude>
    <ClInclude Include="includes\game_qfusion.h">
      <Filter>Header Files\games</Filter>
    </ClInclude>
    <ClInclude Include="includes\game_quake3.h">
      <Filter>Header Files\games</Filter>
    </ClInclude>
    <ClInclude Include="includes\game_quakelive.h">
      <Filter>Header Files\games</Filter>
    </ClInclude>
    <ClInclude Include="includes\game_reaction.h">
      <Filter>Header Files\games</Filter>
    </ClInclude>
    <ClInclude Include="includes\game_sof2.h">
      <Filter>Header Files\games</Filter>
    </ClInclude>
    <ClInclude Include="includes\game_tenebrae.h">
      <Filter>Header Files\games</Filter>
    </ClInclude>
    <ClInclude Include="includes\game_tremulous.h">
      <Filter>Header Files\games</Filter>
    </ClInclude>
    <ClInclude Include="includes\game_unvanquished.h">
      <Filter>Header Files\games</Filter>
    </ClInclude>
    <ClInclude Include="includes\game_wolf.h">
      <Filter>Header Files\games</Filter>
    </ClInclude>
    <ClInclude Include="includes\game_wolfet.h">
      <Filter>Header Files\games</Filter>
    </ClInclude>
    <ClInclude Include="includes\game_xonotic.h">
      <Filter>Header Files\games</Filter>
    </ClInclude>
    <ClInclude Include="includes\mathlib.h">
      <Filter>Header Files\libs</Filter>
    </ClInclude>
    <ClInclude Include="includes\filematch.h">
      <Filter>Header Files\libs</Filter>
    </ClInclude>
    <ClInclude Include="includes\imagelib.h">
      <Filter>Header Files\libs</Filter>
    </ClInclude>
    <ClInclude Include="includes\md5lib.h">
      <Filter>Header Files\libs</Filter>
    </ClInclude>
    <ClInclude Include="includes\md4.h">
      <Filter>Header Files\libs</Filter>
    </ClInclude>
    <ClInclude Include="includes\ddslib.h">
      <Filter>Header Files\libs</Filter>
    </ClInclude>
    <ClInclude Include="includes\etclib.h">
      <Filter>Header Files\libs</Filter>
    </ClInclude>
    <ClInclude Include="includes\cmdlib.h">
      <Filter>Header Files\libs</Filter>
    </ClInclude>
    <ClInclude Include="includes\scriplib.h">
      <Filter>Header Files\libs</Filter>
    </ClInclude>
    <ClInclude Include="includes\polylib.h">
      <Filter>Header Files\libs</Filter>
    </ClInclude>
    <ClInclude Include="includes\unzip.h">
      <Filter>Header Files\libs</Filter>
    </ClInclude>
    <ClInclude Include="..\..\ext\jpeg-compressor\jpgd.h">
      <Filter>Header Files\libs</Filter>
    </ClInclude>
    <ClInclude Include="..\..\ext\lodepng\lodepng.h">
      <Filter>Header Files\libs</Filter>
    </ClInclude>
    <ClInclude Include="..\..\ext\msdirent\msdirent.h">
      <Filter>Header Files\libs</Filter>
    </ClInclude>
    <ClInclude Include="..\common\compiler_api.h">
      <Filter>Header Files</Filter>
    </ClInclude>
  </ItemGroup>
  <ItemGroup>
    <ClCompile Include="l_net.cpp">
      <Filter>Source Files\libs\l_net</Filter>
    </ClCompile>
    <ClCompile Include="l_net_wins.cpp">
      <Filter>Source Files\libs\l_net</Filter>
    </ClCompile>
    <ClCompile Include="line.cpp">
      <Filter>Source Files\libs\mathlib</Filter>
    </ClCompile>
    <ClCompile Include="m4x4.cpp">
      <Filter>Source Files\libs\mathlib</Filter>
    </ClCompile>
    <ClCompile Include="mathlib.cpp">
      <Filter>Source Files\libs\mathlib</Filter>
    </ClCompile>
    <ClCompile Include="ray.cpp">
      <Filter>Source Files\libs\mathlib</Filter>
    </ClCompile>
    <ClCompile Include="bbox.cpp">
      <Filter>Source Files\libs\mathlib</Filter>
    </ClCompile>
    <ClCompile Include="md4.cpp">
      <Filter>Source Files\libs</Filter>
    </ClCompile>
    <ClCompile Include="md5lib.cpp">
      <Filter>Source Files\libs</Filter>
    </ClCompile>
    <ClCompile Include="polylib.cpp">
      <Filter>Source Files\libs</Filter>
    </ClCompile>
    <ClCompile Include="scriplib.cpp">
      <Filter>Source Files\libs</Filter>
    </ClCompile>
    <ClCompile Include="trilib.cpp">
      <Filter>Source Files\libs</Filter>
    </ClCompile>
    <ClCompile Include="unzip.cpp">
      <Filter>Source Files\libs</Filter>
    </ClCompile>
    <ClCompile Include="vfs.cpp">
      <Filter>Source Files\libs</Filter>
    </ClCompile>
    <ClCompile Include="cmdlib.cpp">
      <Filter>Source Files\libs</Filter>
    </ClCompile>
    <ClCompile Include="ddslib.cpp">
      <Filter>Source Files\libs</Filter>
    </ClCompile>
    <ClCompile Include="etclib.cpp">
      <Filter>Source Files\libs</Filter>
    </ClCompile>
    <ClCompile Include="filematch.cpp">
      <Filter>Source Files\libs</Filter>
    </ClCompile>
    <ClCompile Include="imagelib.cpp">
      <Filter>Source Files\libs</Filter>
    </ClCompile>
    <ClCompile Include="mesh.cpp">
      <Filter>Source Files</Filter>
    </ClCompile>
    <ClCompile Include="minimap.cpp">
      <Filter>Source Files</Filter>
    </ClCompile>
    <ClCompile Include="model.cpp">
      <Filter>Source Files</Filter>
    </ClCompile>
    <ClCompile Include="patch.cpp">
      <Filter>Source Files</Filter>
    </ClCompile>
    <ClCompile Include="path_init.cpp">
      <Filter>Source Files</Filter>
    </ClCompile>
    <ClCompile Include="portals.cpp">
      <Filter>Source Files</Filter>
    </ClCompile>
    <ClCompile Include="prtfile.cpp">
      <Filter>Source Files</Filter>
    </ClCompile>
    <ClCompile Include="shaders.cpp">
      <Filter>Source Files</Filter>
    </ClCompile>
    <ClCompile Include="surface.cpp">
      <Filter>Source Files</Filter>
    </ClCompile>
    <ClCompile Include="surface_extra.cpp">
      <Filter>Source Files</Filter>
    </ClCompile>
    <ClCompile Include="surface_foliage.cpp">
      <Filter>Source Files</Filter>
    </ClCompile>
    <ClCompile Include="surface_fur.cpp">
      <Filter>Source Files</Filter>
    </ClCompile>
    <ClCompile Include="surface_meta.cpp">
      <Filter>Source Files</Filter>
    </ClCompile>
    <ClCompile Include="threads.cpp">
      <Filter>Source Files</Filter>
    </ClCompile>
    <ClCompile Include="tjunction.cpp">
      <Filter>Source Files</Filter>
    </ClCompile>
    <ClCompile Include="tree.cpp">
      <Filter>Source Files</Filter>
    </ClCompile>
    <ClCompile Include="vis.cpp">
      <Filter>Source Files</Filter>
    </ClCompile>
    <ClCompile Include="visflow.cpp">
      <Filter>Source Files</Filter>
    </ClCompile>
    <ClCompile Include="writebsp.cpp">
      <Filter>Source Files</Filter>
    </ClCompile>
    <ClCompile Include="brush.cpp">
      <Filter>Source Files</Filter>
    </ClCompile>
    <ClCompile Include="brush_primit.cpp">
      <Filter>Source Files</Filter>
    </ClCompile>
    <ClCompile Include="bsp.cpp">
      <Filter>Source Files</Filter>
    </ClCompile>
    <ClCompile Include="bsp_analyze.cpp">
      <Filter>Source Files</Filter>
    </ClCompile>
    <ClCompile Include="bsp_info.cpp">
      <Filter>Source Files</Filter>
    </ClCompile>
    <ClCompile Include="bsp_scale.cpp">
      <Filter>Source Files</Filter>
    </ClCompile>
    <ClCompile Include="bspfile_abstract.cpp">
      <Filter>Source Files</Filter>
    </ClCompile>
    <ClCompile Include="bspfile_ibsp.cpp">
      <Filter>Source Files</Filter>
    </ClCompile>
    <ClCompile Include="bspfile_rbsp.cpp">
      <Filter>Source Files</Filter>
    </ClCompile>
    <ClCompile Include="compiler.cpp">
      <Filter>Source Files</Filter>
    </ClCompile>
    <ClCompile Include="convert_ase.cpp">
      <Filter>Source Files</Filter>
    </ClCompile>
    <ClCompile Include="convert_bsp.cpp">
      <Filter>Source Files</Filter>
    </ClCompile>
    <ClCompile Include="convert_map.cpp">
      <Filter>Source Files</Filter>
    </ClCompile>
    <ClCompile Include="convert_obj.cpp">
      <Filter>Source Files</Filter>
    </ClCompile>
    <ClCompile Include="decals.cpp">
      <Filter>Source Files</Filter>
    </ClCompile>
    <ClCompile Include="exportents.cpp">
      <Filter>Source Files</Filter>
    </ClCompile>
    <ClCompile Include="facebsp.cpp">
      <Filter>Source Files</Filter>
    </ClCompile>
    <ClCompile Include="fixaas.cpp">
      <Filter>Source Files</Filter>
    </ClCompile>
    <ClCompile Include="fog.cpp">
      <Filter>Source Files</Filter>
    </ClCompile>
    <ClCompile Include="image.cpp">
      <Filter>Source Files</Filter>
    </ClCompile>
    <ClCompile Include="inout.cpp">
      <Filter>Source Files</Filter>
    </ClCompile>
    <ClCompile Include="leakfile.cpp">
      <Filter>Source Files</Filter>
    </ClCompile>
    <ClCompile Include="light.cpp">
      <Filter>Source Files</Filter>
    </ClCompile>
    <ClCompile Include="light_bounce.cpp">
      <Filter>Source Files</Filter>
    </ClCompile>
    <ClCompile Include="light_trace.cpp">
      <Filter>Source Files</Filter>
    </ClCompile>
    <ClCompile Include="light_ydnar.cpp">
      <Filter>Source Files</Filter>
    </ClCompile>
    <ClCompile Include="lightmaps_ydnar.cpp">
      <Filter>Source Files</Filter>
    </ClCompile>
    <ClCompile Include="map.cpp">
      <Filter>Source Files</Filter>
    </ClCompile>
    <ClCompile Include="..\..\ext\jpeg-compressor\jpgd.cpp">
      <Filter>Source Files\libs</Filter>
    </ClCompile>
    <ClCompile Include="..\..\ext\lodepng\lodepng.cpp">
      <Filter>Source Files\libs</Filter>
    </ClCompile>
  </ItemGroup>
</Project>